
Microsoft Visual Studio Solution File, Format Version 12.00
# Visual Studio Version 16
VisualStudioVersion = 16.0.30128.74
MinimumVisualStudioVersion = 10.0.40219.1
Project("{FAE04EC0-301F-11D3-BF4B-00C04F79EFBC}") = "Lab4_Zenab_Ali", "Lab4 Zenab Ali\Lab4_Zenab_Ali.csproj", "{5B69721A-1CA7-4CCE-947A-6762AA3DB185}"
EndProject
Project("{FAE04EC0-301F-11D3-BF4B-00C04F79EFBC}") = "ConsoleApp", "ConsoleApp\ConsoleApp.csproj", "{C8930533-2269-4821-A927-07A54838C86A}"
EndProject
Project("{FAE04EC0-301F-11D3-BF4B-00C04F79EFBC}") = "WordLibrary1", "WordLibrary1\WordLibrary1.csproj", "{CE63F5F8-7FA8-4D0E-87AA-DB6D91C8C63B}"
EndProject
Global
	GlobalSection(SolutionConfigurationPlatforms) = preSolution
		Debug|Any CPU = Debug|Any CPU
		Release|Any CPU = Release|Any CPU
	EndGlobalSection
	GlobalSection(ProjectConfigurationPlatforms) = postSolution
		{5B69721A-1CA7-4CCE-947A-6762AA3DB185}.Debug|Any CPU.ActiveCfg = Debug|Any CPU
		{5B69721A-1CA7-4CCE-947A-6762AA3DB185}.Debug|Any CPU.Build.0 = Debug|Any CPU
		{5B69721A-1CA7-4CCE-947A-6762AA3DB185}.Release|Any CPU.ActiveCfg = Release|Any CPU
		{5B69721A-1CA7-4CCE-947A-6762AA3DB185}.Release|Any CPU.Build.0 = Release|Any CPU
		{C8930533-2269-4821-A927-07A54838C86A}.Debug|Any CPU.ActiveCfg = Debug|Any CPU
		{C8930533-2269-4821-A927-07A54838C86A}.Debug|Any CPU.Build.0 = Debug|Any CPU
		{C8930533-2269-4821-A927-07A54838C86A}.Release|Any CPU.ActiveCfg = Release|Any CPU
		{C8930533-2269-4821-A927-07A54838C86A}.Release|Any CPU.Build.0 = Release|Any CPU
		{CE63F5F8-7FA8-4D0E-87AA-DB6D91C8C63B}.Debug|Any CPU.ActiveCfg = Debug|Any CPU
		{CE63F5F8-7FA8-4D0E-87AA-DB6D91C8C63B}.Debug|Any CPU.Build.0 = Debug|Any CPU
		{CE63F5F8-7FA8-4D0E-87AA-DB6D91C8C63B}.Release|Any CPU.ActiveCfg = Release|Any CPU
		{CE63F5F8-7FA8-4D0E-87AA-DB6D91C8C63B}.Release|Any CPU.Build.0 = Release|Any CPU
	EndGlobalSection
	GlobalSection(SolutionProperties) = preSolution
		HideSolutionNode = FALSE
	EndGlobalSection
	GlobalSection(ExtensibilityGlobals) = postSolution
		SolutionGuid = {E31EBC0C-4C6E-4A86-96C0-A9AD63A610C5}
	EndGlobalSection
EndGlobal
